
Microsoft Visual Studio Solution File, Format Version 12.00
# Visual Studio Version 17
VisualStudioVersion = 17.4.33213.308
MinimumVisualStudioVersion = 10.0.40219.1
Project("{FAE04EC0-301F-11D3-BF4B-00C04F79EFBC}") = "MessangerServer", "MessangerServer\MessangerServer.csproj", "{CEF850BB-8A45-4409-8320-FB264458E586}"
EndProject
Global
	GlobalSection(SolutionConfigurationPlatforms) = preSolution
		Debug|Any CPU = Debug|Any CPU
		Release|Any CPU = Release|Any CPU
	EndGlobalSection
	GlobalSection(ProjectConfigurationPlatforms) = postSolution
		{CEF850BB-8A45-4409-8320-FB264458E586}.Debug|Any CPU.ActiveCfg = Debug|Any CPU
		{CEF850BB-8A45-4409-8320-FB264458E586}.Debug|Any CPU.Build.0 = Debug|Any CPU
		{CEF850BB-8A45-4409-8320-FB264458E586}.Release|Any CPU.ActiveCfg = Release|Any CPU
		{CEF850BB-8A45-4409-8320-FB264458E586}.Release|Any CPU.Build.0 = Release|Any CPU
	EndGlobalSection
	GlobalSection(SolutionProperties) = preSolution
		HideSolutionNode = FALSE
	EndGlobalSection
	GlobalSection(ExtensibilityGlobals) = postSolution
		SolutionGuid = {3412DB01-AB87-4A68-B77A-C1C94E0F2C4B}
	EndGlobalSection
EndGlobal
